
Microsoft Visual Studio Solution File, Format Version 12.00
# Visual Studio Version 17
VisualStudioVersion = 17.4.33213.308
MinimumVisualStudioVersion = 10.0.40219.1
Project("{FAE04EC0-301F-11D3-BF4B-00C04F79EFBC}") = "CalcIntentoFinal.Android", "CalcIntentoFinal\CalcIntentoFinal.Android\CalcIntentoFinal.Android.csproj", "{C25A0373-6E2F-4A9D-BE04-0DDDD98D7233}"
EndProject
Project("{FAE04EC0-301F-11D3-BF4B-00C04F79EFBC}") = "CalcIntentoFinal", "CalcIntentoFinal\CalcIntentoFinal\CalcIntentoFinal.csproj", "{C39CBB60-F6C4-4463-9987-36311D42C979}"
EndProject
Global
	GlobalSection(SolutionConfigurationPlatforms) = preSolution
		Debug|Any CPU = Debug|Any CPU
		Release|Any CPU = Release|Any CPU
	EndGlobalSection
	GlobalSection(ProjectConfigurationPlatforms) = postSolution
		{C25A0373-6E2F-4A9D-BE04-0DDDD98D7233}.Debug|Any CPU.ActiveCfg = Debug|Any CPU
		{C25A0373-6E2F-4A9D-BE04-0DDDD98D7233}.Debug|Any CPU.Build.0 = Debug|Any CPU
		{C25A0373-6E2F-4A9D-BE04-0DDDD98D7233}.Debug|Any CPU.Deploy.0 = Debug|Any CPU
		{C25A0373-6E2F-4A9D-BE04-0DDDD98D7233}.Release|Any CPU.ActiveCfg = Release|Any CPU
		{C25A0373-6E2F-4A9D-BE04-0DDDD98D7233}.Release|Any CPU.Build.0 = Release|Any CPU
		{C25A0373-6E2F-4A9D-BE04-0DDDD98D7233}.Release|Any CPU.Deploy.0 = Release|Any CPU
		{C39CBB60-F6C4-4463-9987-36311D42C979}.Debug|Any CPU.ActiveCfg = Debug|Any CPU
		{C39CBB60-F6C4-4463-9987-36311D42C979}.Debug|Any CPU.Build.0 = Debug|Any CPU
		{C39CBB60-F6C4-4463-9987-36311D42C979}.Debug|Any CPU.Deploy.0 = Debug|Any CPU
		{C39CBB60-F6C4-4463-9987-36311D42C979}.Release|Any CPU.ActiveCfg = Release|Any CPU
		{C39CBB60-F6C4-4463-9987-36311D42C979}.Release|Any CPU.Build.0 = Release|Any CPU
		{C39CBB60-F6C4-4463-9987-36311D42C979}.Release|Any CPU.Deploy.0 = Release|Any CPU
	EndGlobalSection
	GlobalSection(SolutionProperties) = preSolution
		HideSolutionNode = FALSE
	EndGlobalSection
	GlobalSection(ExtensibilityGlobals) = postSolution
		SolutionGuid = {5E04201D-EDFF-4860-AAF6-639BE0979A28}
	EndGlobalSection
EndGlobal
